
Microsoft Visual Studio Solution File, Format Version 12.00
# Visual Studio Version 17
VisualStudioVersion = 17.5.002.0
MinimumVisualStudioVersion = 10.0.40219.1
Project("{9A19103F-16F7-4668-BE54-9A1E7A4F7556}") = "HelloWorldApp.Web", "HelloWorldApp.Web.csproj", "{C333DF3B-3E58-449C-8B64-94492CED1824}"
EndProject
Global
	GlobalSection(SolutionConfigurationPlatforms) = preSolution
		Debug|Any CPU = Debug|Any CPU
		Release|Any CPU = Release|Any CPU
	EndGlobalSection
	GlobalSection(ProjectConfigurationPlatforms) = postSolution
		{C333DF3B-3E58-449C-8B64-94492CED1824}.Debug|Any CPU.ActiveCfg = Debug|Any CPU
		{C333DF3B-3E58-449C-8B64-94492CED1824}.Debug|Any CPU.Build.0 = Debug|Any CPU
		{C333DF3B-3E58-449C-8B64-94492CED1824}.Release|Any CPU.ActiveCfg = Release|Any CPU
		{C333DF3B-3E58-449C-8B64-94492CED1824}.Release|Any CPU.Build.0 = Release|Any CPU
	EndGlobalSection
	GlobalSection(SolutionProperties) = preSolution
		HideSolutionNode = FALSE
	EndGlobalSection
	GlobalSection(ExtensibilityGlobals) = postSolution
		SolutionGuid = {0F56DD83-DF92-47B4-A8A4-7487D0CDF9FD}
	EndGlobalSection
EndGlobal
